
Microsoft Visual Studio Solution File, Format Version 12.00
# Visual Studio Version 17
VisualStudioVersion = 17.8.34511.84
MinimumVisualStudioVersion = 10.0.40219.1
Project("{9A19103F-16F7-4668-BE54-9A1E7A4F7556}") = "Bot", "Bot\Bot.csproj", "{C8BC71DC-7C31-4201-BD6F-2ADFB60D5359}"
EndProject
Project("{9A19103F-16F7-4668-BE54-9A1E7A4F7556}") = "Server", "Server\Server.csproj", "{984FA29A-C48C-4FBC-A6FD-9AC7FBBEAB9A}"
EndProject
Project("{9A19103F-16F7-4668-BE54-9A1E7A4F7556}") = "Core", "..\Core\Core.csproj", "{EC02D341-280B-43E3-ADAD-0EAB00B33077}"
EndProject
Global
	GlobalSection(SolutionConfigurationPlatforms) = preSolution
		Debug|Any CPU = Debug|Any CPU
		Release|Any CPU = Release|Any CPU
	EndGlobalSection
	GlobalSection(ProjectConfigurationPlatforms) = postSolution
		{C8BC71DC-7C31-4201-BD6F-2ADFB60D5359}.Debug|Any CPU.ActiveCfg = Debug|Any CPU
		{C8BC71DC-7C31-4201-BD6F-2ADFB60D5359}.Debug|Any CPU.Build.0 = Debug|Any CPU
		{C8BC71DC-7C31-4201-BD6F-2ADFB60D5359}.Release|Any CPU.ActiveCfg = Release|Any CPU
		{C8BC71DC-7C31-4201-BD6F-2ADFB60D5359}.Release|Any CPU.Build.0 = Release|Any CPU
		{984FA29A-C48C-4FBC-A6FD-9AC7FBBEAB9A}.Debug|Any CPU.ActiveCfg = Debug|Any CPU
		{984FA29A-C48C-4FBC-A6FD-9AC7FBBEAB9A}.Debug|Any CPU.Build.0 = Debug|Any CPU
		{984FA29A-C48C-4FBC-A6FD-9AC7FBBEAB9A}.Release|Any CPU.ActiveCfg = Release|Any CPU
		{984FA29A-C48C-4FBC-A6FD-9AC7FBBEAB9A}.Release|Any CPU.Build.0 = Release|Any CPU
		{EC02D341-280B-43E3-ADAD-0EAB00B33077}.Debug|Any CPU.ActiveCfg = Debug|Any CPU
		{EC02D341-280B-43E3-ADAD-0EAB00B33077}.Debug|Any CPU.Build.0 = Debug|Any CPU
		{EC02D341-280B-43E3-ADAD-0EAB00B33077}.Release|Any CPU.ActiveCfg = Release|Any CPU
		{EC02D341-280B-43E3-ADAD-0EAB00B33077}.Release|Any CPU.Build.0 = Release|Any CPU
	EndGlobalSection
	GlobalSection(SolutionProperties) = preSolution
		HideSolutionNode = FALSE
	EndGlobalSection
	GlobalSection(ExtensibilityGlobals) = postSolution
		SolutionGuid = {65FE022B-FFF9-48FD-AA60-5E55F297042C}
	EndGlobalSection
EndGlobal
